// !$*UTF8*$!
{
	archiveVersion = 1;
	classes = {
	};
	objectVersion = 55;
	objects = {

/* Begin PBXBuildFile section */
		8113965827B3D32100E5B829 /* SubtractionView.swift in Sources */ = {isa = PBXBuildFile; fileRef = 8113965727B3D32100E5B829 /* SubtractionView.swift */; };
		8113966827B4225200E5B829 /* Lottie in Frameworks */ = {isa = PBXBuildFile; productRef = 8113966727B4225200E5B829 /* Lottie */; };
		8113966B27B422FB00E5B829 /* LottieView.swift in Sources */ = {isa = PBXBuildFile; fileRef = 8113966A27B422FB00E5B829 /* LottieView.swift */; };
		8113966F27B4253600E5B829 /* 51926-happy.json in Resources */ = {isa = PBXBuildFile; fileRef = 8113966E27B4253600E5B829 /* 51926-happy.json */; };
		8113967127B427AA00E5B829 /* 91726-sad-guy-is-walking.json in Resources */ = {isa = PBXBuildFile; fileRef = 8113967027B427AA00E5B829 /* 91726-sad-guy-is-walking.json */; };
		812B4B6427B319C5003A469B /* DivisionView.swift in Sources */ = {isa = PBXBuildFile; fileRef = 812B4B6327B319C5003A469B /* DivisionView.swift */; };
		81BE3A9427B2DAE800880E99 /* AdditionView.swift in Sources */ = {isa = PBXBuildFile; fileRef = 81BE3A9327B2DAE800880E99 /* AdditionView.swift */; };
		81FDA62C27B160FF002471AE /* ArithmeticAceApp.swift in Sources */ = {isa = PBXBuildFile; fileRef = 81FDA62B27B160FF002471AE /* ArithmeticAceApp.swift */; };
		81FDA62E27B160FF002471AE /* MultiplicationView.swift in Sources */ = {isa = PBXBuildFile; fileRef = 81FDA62D27B160FF002471AE /* MultiplicationView.swift */; };
		81FDA63027B16100002471AE /* Assets.xcassets in Resources */ = {isa = PBXBuildFile; fileRef = 81FDA62F27B16100002471AE /* Assets.xcassets */; };
		81FDA63327B16100002471AE /* Preview Assets.xcassets in Resources */ = {isa = PBXBuildFile; fileRef = 81FDA63227B16100002471AE /* Preview Assets.xcassets */; };
/* End PBXBuildFile section */

/* Begin PBXFileReference section */
		8113965727B3D32100E5B829 /* SubtractionView.swift */ = {isa = PBXFileReference; lastKnownFileType = sourcecode.swift; path = SubtractionView.swift; sourceTree = "<group>"; };
		8113966A27B422FB00E5B829 /* LottieView.swift */ = {isa = PBXFileReference; lastKnownFileType = sourcecode.swift; path = LottieView.swift; sourceTree = "<group>"; };
		8113966E27B4253600E5B829 /* 51926-happy.json */ = {isa = PBXFileReference; fileEncoding = 4; lastKnownFileType = text.json; path = "51926-happy.json"; sourceTree = "<group>"; };
		8113967027B427AA00E5B829 /* 91726-sad-guy-is-walking.json */ = {isa = PBXFileReference; fileEncoding = 4; lastKnownFileType = text.json; path = "91726-sad-guy-is-walking.json"; sourceTree = "<group>"; };
		812B4B6327B319C5003A469B /* DivisionView.swift */ = {isa = PBXFileReference; lastKnownFileType = sourcecode.swift; path = DivisionView.swift; sourceTree = "<group>"; };
		81BE3A9327B2DAE800880E99 /* AdditionView.swift */ = {isa = PBXFileReference; lastKnownFileType = sourcecode.swift; path = AdditionView.swift; sourceTree = "<group>"; };
		81FDA62827B160FF002471AE /* ArithmeticAce.app */ = {isa = PBXFileReference; explicitFileType = wrapper.application; includeInIndex = 0; path = ArithmeticAce.app; sourceTree = BUILT_PRODUCTS_DIR; };
		81FDA62B27B160FF002471AE /* ArithmeticAceApp.swift */ = {isa = PBXFileReference; lastKnownFileType = sourcecode.swift; path = ArithmeticAceApp.swift; sourceTree = "<group>"; };
		81FDA62D27B160FF002471AE /* MultiplicationView.swift */ = {isa = PBXFileReference; lastKnownFileType = sourcecode.swift; path = MultiplicationView.swift; sourceTree = "<group>"; };
		81FDA62F27B16100002471AE /* Assets.xcassets */ = {isa = PBXFileReference; lastKnownFileType = folder.assetcatalog; path = Assets.xcassets; sourceTree = "<group>"; };
		81FDA63227B16100002471AE /* Preview Assets.xcassets */ = {isa = PBXFileReference; lastKnownFileType = folder.assetcatalog; path = "Preview Assets.xcassets"; sourceTree = "<group>"; };
/* End PBXFileReference section */

/* Begin PBXFrameworksBuildPhase section */
		81FDA62527B160FF002471AE /* Frameworks */ = {
			isa = PBXFrameworksBuildPhase;
			buildActionMask = 2147483647;
			files = (
				8113966827B4225200E5B829 /* Lottie in Frameworks */,
			);
			runOnlyForDeploymentPostprocessing = 0;
		};
/* End PBXFrameworksBuildPhase section */

/* Begin PBXGroup section */
		8113966927B422CA00E5B829 /* Views */ = {
			isa = PBXGroup;
			children = (
				8113966C27B4238900E5B829 /* Helpers */,
				81BE3A9327B2DAE800880E99 /* AdditionView.swift */,
				8113965727B3D32100E5B829 /* SubtractionView.swift */,
				81FDA62D27B160FF002471AE /* MultiplicationView.swift */,
				812B4B6327B319C5003A469B /* DivisionView.swift */,
			);
			path = Views;
			sourceTree = "<group>";
		};
		8113966C27B4238900E5B829 /* Helpers */ = {
			isa = PBXGroup;
			children = (
				8113966A27B422FB00E5B829 /* LottieView.swift */,
			);
			path = Helpers;
			sourceTree = "<group>";
		};
		8113966D27B4251200E5B829 /* Animations */ = {
			isa = PBXGroup;
			children = (
				8113966E27B4253600E5B829 /* 51926-happy.json */,
				8113967027B427AA00E5B829 /* 91726-sad-guy-is-walking.json */,
			);
			path = Animations;
			sourceTree = "<group>";
		};
		81FDA61F27B160FF002471AE = {
			isa = PBXGroup;
			children = (
				81FDA62A27B160FF002471AE /* ArithmeticAce */,
				81FDA62927B160FF002471AE /* Products */,
			);
			sourceTree = "<group>";
		};
		81FDA62927B160FF002471AE /* Products */ = {
			isa = PBXGroup;
			children = (
				81FDA62827B160FF002471AE /* ArithmeticAce.app */,
			);
			name = Products;
			sourceTree = "<group>";
		};
		81FDA62A27B160FF002471AE /* ArithmeticAce */ = {
			isa = PBXGroup;
			children = (
				81FDA62B27B160FF002471AE /* ArithmeticAceApp.swift */,
				8113966D27B4251200E5B829 /* Animations */,
				8113966927B422CA00E5B829 /* Views */,
				81FDA62F27B16100002471AE /* Assets.xcassets */,
				81FDA63127B16100002471AE /* Preview Content */,
			);
			path = ArithmeticAce;
			sourceTree = "<group>";
		};
		81FDA63127B16100002471AE /* Preview Content */ = {
			isa = PBXGroup;
			children = (
				81FDA63227B16100002471AE /* Preview Assets.xcassets */,
			);
			path = "Preview Content";
			sourceTree = "<group>";
		};
/* End PBXGroup section */

/* Begin PBXNativeTarget section */
		81FDA62727B160FF002471AE /* ArithmeticAce */ = {
			isa = PBXNativeTarget;
			buildConfigurationList = 81FDA63627B16100002471AE /* Build configuration list for PBXNativeTarget "ArithmeticAce" */;
			buildPhases = (
				81FDA62427B160FF002471AE /* Sources */,
				81FDA62527B160FF002471AE /* Frameworks */,
				81FDA62627B160FF002471AE /* Resources */,
			);
			buildRules = (
			);
			dependencies = (
			);
			name = ArithmeticAce;
			packageProductDependencies = (
				8113966727B4225200E5B829 /* Lottie */,
			);
			productName = ArithmeticAce;
			productReference = 81FDA62827B160FF002471AE /* ArithmeticAce.app */;
			productType = "com.apple.product-type.application";
		};
/* End PBXNativeTarget section */

/* Begin PBXProject section */
		81FDA62027B160FF002471AE /* Project object */ = {
			isa = PBXProject;
			attributes = {
				BuildIndependentTargetsInParallel = 1;
				LastSwiftUpdateCheck = 1320;
				LastUpgradeCheck = 1320;
				TargetAttributes = {
					81FDA62727B160FF002471AE = {
						CreatedOnToolsVersion = 13.2.1;
					};
				};
			};
			buildConfigurationList = 81FDA62327B160FF002471AE /* Build configuration list for PBXProject "ArithmeticAce" */;
			compatibilityVersion = "Xcode 13.0";
			developmentRegion = en;
			hasScannedForEncodings = 0;
			knownRegions = (
				en,
				Base,
			);
			mainGroup = 81FDA61F27B160FF002471AE;
			packageReferences = (
				8113966627B4225200E5B829 /* XCRemoteSwiftPackageReference "lottie-ios" */,
			);
			productRefGroup = 81FDA62927B160FF002471AE /* Products */;
			projectDirPath = "";
			projectRoot = "";
			targets = (
				81FDA62727B160FF002471AE /* ArithmeticAce */,
			);
		};
/* End PBXProject section */

/* Begin PBXResourcesBuildPhase section */
		81FDA62627B160FF002471AE /* Resources */ = {
			isa = PBXResourcesBuildPhase;
			buildActionMask = 2147483647;
			files = (
				8113967127B427AA00E5B829 /* 91726-sad-guy-is-walking.json in Resources */,
				81FDA63327B16100002471AE /* Preview Assets.xcassets in Resources */,
				81FDA63027B16100002471AE /* Assets.xcassets in Resources */,
				8113966F27B4253600E5B829 /* 51926-happy.json in Resources */,
			);
			runOnlyForDeploymentPostprocessing = 0;
		};
/* End PBXResourcesBuildPhase section */

/* Begin PBXSourcesBuildPhase section */
		81FDA62427B160FF002471AE /* Sources */ = {
			isa = PBXSourcesBuildPhase;
			buildActionMask = 2147483647;
			files = (
				81FDA62E27B160FF002471AE /* MultiplicationView.swift in Sources */,
				812B4B6427B319C5003A469B /* DivisionView.swift in Sources */,
				81FDA62C27B160FF002471AE /* ArithmeticAceApp.swift in Sources */,
				81BE3A9427B2DAE800880E99 /* AdditionView.swift in Sources */,
				8113966B27B422FB00E5B829 /* LottieView.swift in Sources */,
				8113965827B3D32100E5B829 /* SubtractionView.swift in Sources */,
			);
			runOnlyForDeploymentPostprocessing = 0;
		};
/* End PBXSourcesBuildPhase section */

/* Begin XCBuildConfiguration section */
		81FDA63427B16100002471AE /* Debug */ = {
			isa = XCBuildConfiguration;
			buildSettings = {
				ALWAYS_SEARCH_USER_PATHS = NO;
				CLANG_ANALYZER_NONNULL = YES;
				CLANG_ANALYZER_NUMBER_OBJECT_CONVERSION = YES_AGGRESSIVE;
				CLANG_CXX_LANGUAGE_STANDARD = "gnu++17";
				CLANG_CXX_LIBRARY = "libc++";
				CLANG_ENABLE_MODULES = YES;
				CLANG_ENABLE_OBJC_ARC = YES;
				CLANG_ENABLE_OBJC_WEAK = YES;
				CLANG_WARN_BLOCK_CAPTURE_AUTORELEASING = YES;
				CLANG_WARN_BOOL_CONVERSION = YES;
				CLANG_WARN_COMMA = YES;
				CLANG_WARN_CONSTANT_CONVERSION = YES;
				CLANG_WARN_DEPRECATED_OBJC_IMPLEMENTATIONS = YES;
				CLANG_WARN_DIRECT_OBJC_ISA_USAGE = YES_ERROR;
				CLANG_WARN_DOCUMENTATION_COMMENTS = YES;
				CLANG_WARN_EMPTY_BODY = YES;
				CLANG_WARN_ENUM_CONVERSION = YES;
				CLANG_WARN_INFINITE_RECURSION = YES;
				CLANG_WARN_INT_CONVERSION = YES;
				CLANG_WARN_NON_LITERAL_NULL_CONVERSION = YES;
				CLANG_WARN_OBJC_IMPLICIT_RETAIN_SELF = YES;
				CLANG_WARN_OBJC_LITERAL_CONVERSION = YES;
				CLANG_WARN_OBJC_ROOT_CLASS = YES_ERROR;
				CLANG_WARN_QUOTED_INCLUDE_IN_FRAMEWORK_HEADER = YES;
				CLANG_WARN_RANGE_LOOP_ANALYSIS = YES;
				CLANG_WARN_STRICT_PROTOTYPES = YES;
				CLANG_WARN_SUSPICIOUS_MOVE = YES;
				CLANG_WARN_UNGUARDED_AVAILABILITY = YES_AGGRESSIVE;
				CLANG_WARN_UNREACHABLE_CODE = YES;
				CLANG_WARN__DUPLICATE_METHOD_MATCH = YES;
				COPY_PHASE_STRIP = NO;
				DEBUG_INFORMATION_FORMAT = dwarf;
				ENABLE_STRICT_OBJC_MSGSEND = YES;
				ENABLE_TESTABILITY = YES;
				GCC_C_LANGUAGE_STANDARD = gnu11;
				GCC_DYNAMIC_NO_PIC = NO;
				GCC_NO_COMMON_BLOCKS = YES;
				GCC_OPTIMIZATION_LEVEL = 0;
				GCC_PREPROCESSOR_DEFINITIONS = (
					"DEBUG=1",
					"$(inherited)",
				);
				GCC_WARN_64_TO_32_BIT_CONVERSION = YES;
				GCC_WARN_ABOUT_RETURN_TYPE = YES_ERROR;
				GCC_WARN_UNDECLARED_SELECTOR = YES;
				GCC_WARN_UNINITIALIZED_AUTOS = YES_AGGRESSIVE;
				GCC_WARN_UNUSED_FUNCTION = YES;
				GCC_WARN_UNUSED_VARIABLE = YES;
				IPHONEOS_DEPLOYMENT_TARGET = 15.2;
				MTL_ENABLE_DEBUG_INFO = INCLUDE_SOURCE;
				MTL_FAST_MATH = YES;
				ONLY_ACTIVE_ARCH = YES;
				SDKROOT = iphoneos;
				SWIFT_ACTIVE_COMPILATION_CONDITIONS = DEBUG;
				SWIFT_OPTIMIZATION_LEVEL = "-Onone";
			};
			name = Debug;
		};
		81FDA63527B16100002471AE /* Release */ = {
			isa = XCBuildConfiguration;
			buildSettings = {
				ALWAYS_SEARCH_USER_PATHS = NO;
				CLANG_ANALYZER_NONNULL = YES;
				CLANG_ANALYZER_NUMBER_OBJECT_CONVERSION = YES_AGGRESSIVE;
				CLANG_CXX_LANGUAGE_STANDARD = "gnu++17";
				CLANG_CXX_LIBRARY = "libc++";
				CLANG_ENABLE_MODULES = YES;
				CLANG_ENABLE_OBJC_ARC = YES;
				CLANG_ENABLE_OBJC_WEAK = YES;
				CLANG_WARN_BLOCK_CAPTURE_AUTORELEASING = YES;
				CLANG_WARN_BOOL_CONVERSION = YES;
				CLANG_WARN_COMMA = YES;
				CLANG_WARN_CONSTANT_CONVERSION = YES;
				CLANG_WARN_DEPRECATED_OBJC_IMPLEMENTATIONS = YES;
				CLANG_WARN_DIRECT_OBJC_ISA_USAGE = YES_ERROR;
				CLANG_WARN_DOCUMENTATION_COMMENTS = YES;
				CLANG_WARN_EMPTY_BODY = YES;
				CLANG_WARN_ENUM_CONVERSION = YES;
				CLANG_WARN_INFINITE_RECURSION = YES;
				CLANG_WARN_INT_CONVERSION = YES;
				CLANG_WARN_NON_LITERAL_NULL_CONVERSION = YES;
				CLANG_WARN_OBJC_IMPLICIT_RETAIN_SELF = YES;
				CLANG_WARN_OBJC_LITERAL_CONVERSION = YES;
				CLANG_WARN_OBJC_ROOT_CLASS = YES_ERROR;
				CLANG_WARN_QUOTED_INCLUDE_IN_FRAMEWORK_HEADER = YES;
				CLANG_WARN_RANGE_LOOP_ANALYSIS = YES;
				CLANG_WARN_STRICT_PROTOTYPES = YES;
				CLANG_WARN_SUSPICIOUS_MOVE = YES;
				CLANG_WARN_UNGUARDED_AVAILABILITY = YES_AGGRESSIVE;
				CLANG_WARN_UNREACHABLE_CODE = YES;
				CLANG_WARN__DUPLICATE_METHOD_MATCH = YES;
				COPY_PHASE_STRIP = NO;
				DEBUG_INFORMATION_FORMAT = "dwarf-with-dsym";
				ENABLE_NS_ASSERTIONS = NO;
				ENABLE_STRICT_OBJC_MSGSEND = YES;
				GCC_C_LANGUAGE_STANDARD = gnu11;
				GCC_NO_COMMON_BLOCKS = YES;
				GCC_WARN_64_TO_32_BIT_CONVERSION = YES;
				GCC_WARN_ABOUT_RETURN_TYPE = YES_ERROR;
				GCC_WARN_UNDECLARED_SELECTOR = YES;
				GCC_WARN_UNINITIALIZED_AUTOS = YES_AGGRESSIVE;
				GCC_WARN_UNUSED_FUNCTION = YES;
				GCC_WARN_UNUSED_VARIABLE = YES;
				IPHONEOS_DEPLOYMENT_TARGET = 15.2;
				MTL_ENABLE_DEBUG_INFO = NO;
				MTL_FAST_MATH = YES;
				SDKROOT = iphoneos;
				SWIFT_COMPILATION_MODE = wholemodule;
				SWIFT_OPTIMIZATION_LEVEL = "-O";
				VALIDATE_PRODUCT = YES;
			};
			name = Release;
		};
		81FDA63727B16100002471AE /* Debug */ = {
			isa = XCBuildConfiguration;
			buildSettings = {
				ASSETCATALOG_COMPILER_APPICON_NAME = AppIcon;
				ASSETCATALOG_COMPILER_GLOBAL_ACCENT_COLOR_NAME = AccentColor;
				CODE_SIGN_STYLE = Automatic;
				CURRENT_PROJECT_VERSION = 1;
				DEVELOPMENT_ASSET_PATHS = "\"ArithmeticAce/Preview Content\"";
				ENABLE_PREVIEWS = YES;
				GENERATE_INFOPLIST_FILE = YES;
				INFOPLIST_KEY_UIApplicationSceneManifest_Generation = YES;
				INFOPLIST_KEY_UIApplicationSupportsIndirectInputEvents = YES;
				INFOPLIST_KEY_UILaunchScreen_Generation = YES;
				INFOPLIST_KEY_UISupportedInterfaceOrientations_iPad = "UIInterfaceOrientationPortrait UIInterfaceOrientationPortraitUpsideDown UIInterfaceOrientationLandscapeLeft UIInterfaceOrientationLandscapeRight";
				INFOPLIST_KEY_UISupportedInterfaceOrientations_iPhone = "UIInterfaceOrientationPortrait UIInterfaceOrientationLandscapeLeft UIInterfaceOrientationLandscapeRight";
				LD_RUNPATH_SEARCH_PATHS = (
					"$(inherited)",
					"@executable_path/Frameworks",
				);
				MARKETING_VERSION = 1.0;
				PRODUCT_BUNDLE_IDENTIFIER = ca.russellgordon.ArithmeticAce;
				PRODUCT_NAME = "$(TARGET_NAME)";
				SWIFT_EMIT_LOC_STRINGS = YES;
				SWIFT_VERSION = 5.0;
				TARGETED_DEVICE_FAMILY = "1,2";
			};
			name = Debug;
		};
		81FDA63827B16100002471AE /* Release */ = {
			isa = XCBuildConfiguration;
			buildSettings = {
				ASSETCATALOG_COMPILER_APPICON_NAME = AppIcon;
				ASSETCATALOG_COMPILER_GLOBAL_ACCENT_COLOR_NAME = AccentColor;
				CODE_SIGN_STYLE = Automatic;
				CURRENT_PROJECT_VERSION = 1;
				DEVELOPMENT_ASSET_PATHS = "\"ArithmeticAce/Preview Content\"";
				ENABLE_PREVIEWS = YES;
				GENERATE_INFOPLIST_FILE = YES;
				INFOPLIST_KEY_UIApplicationSceneManifest_Generation = YES;
				INFOPLIST_KEY_UIApplicationSupportsIndirectInputEvents = YES;
				INFOPLIST_KEY_UILaunchScreen_Generation = YES;
				INFOPLIST_KEY_UISupportedInterfaceOrientations_iPad = "UIInterfaceOrientationPortrait UIInterfaceOrientationPortraitUpsideDown UIInterfaceOrientationLandscapeLeft UIInterfaceOrientationLandscapeRight";
				INFOPLIST_KEY_UISupportedInterfaceOrientations_iPhone = "UIInterfaceOrientationPortrait UIInterfaceOrientationLandscapeLeft UIInterfaceOrientationLandscapeRight";
				LD_RUNPATH_SEARCH_PATHS = (
					"$(inherited)",
					"@executable_path/Frameworks",
				);
				MARKETING_VERSION = 1.0;
				PRODUCT_BUNDLE_IDENTIFIER = ca.russellgordon.ArithmeticAce;
				PRODUCT_NAME = "$(TARGET_NAME)";
				SWIFT_EMIT_LOC_STRINGS = YES;
				SWIFT_VERSION = 5.0;
				TARGETED_DEVICE_FAMILY = "1,2";
			};
			name = Release;
		};
/* End XCBuildConfiguration section */

/* Begin XCConfigurationList section */
		81FDA62327B160FF002471AE /* Build configuration list for PBXProject "ArithmeticAce" */ = {
			isa = XCConfigurationList;
			buildConfigurations = (
				81FDA63427B16100002471AE /* Debug */,
				81FDA63527B16100002471AE /* Release */,
			);
			defaultConfigurationIsVisible = 0;
			defaultConfigurationName = Release;
		};
		81FDA63627B16100002471AE /* Build configuration list for PBXNativeTarget "ArithmeticAce" */ = {
			isa = XCConfigurationList;
			buildConfigurations = (
				81FDA63727B16100002471AE /* Debug */,
				81FDA63827B16100002471AE /* Release */,
			);
			defaultConfigurationIsVisible = 0;
			defaultConfigurationName = Release;
		};
/* End XCConfigurationList section */

/* Begin XCRemoteSwiftPackageReference section */
		8113966627B4225200E5B829 /* XCRemoteSwiftPackageReference "lottie-ios" */ = {
			isa = XCRemoteSwiftPackageReference;
			repositoryURL = "https://github.com/airbnb/lottie-ios";
			requirement = {
				branch = master;
				kind = branch;
			};
		};
/* End XCRemoteSwiftPackageReference section */

/* Begin XCSwiftPackageProductDependency section */
		8113966727B4225200E5B829 /* Lottie */ = {
			isa = XCSwiftPackageProductDependency;
			package = 8113966627B4225200E5B829 /* XCRemoteSwiftPackageReference "lottie-ios" */;
			productName = Lottie;
		};
/* End XCSwiftPackageProductDependency section */
	};
	rootObject = 81FDA62027B160FF002471AE /* Project object */;
}
